Microsoft Visual Studio Solution File, Format Version 12.00
# Visual Studio 15
VisualStudioVersion = 15.0.27004.2010
MinimumVisualStudioVersion = 15.0.26124.0
Project("{9A19103F-16F7-4668-BE54-9A1E7A4F7556}") = "SimpleEShop.Web", "SimpleEShop.Web\SimpleEShop.Web.csproj", "{28B61AEE-E6B9-49B0-9F54-C1440335008D}"
EndProject
Project("{9A19103F-16F7-4668-BE54-9A1E7A4F7556}") = "Marketing.Api", "Marketing.Api\Marketing.Api.csproj", "{DF4859F8-9199-4F14-8C43-3ADD7A1A684E}"
EndProject
Project("{9A19103F-16F7-4668-BE54-9A1E7A4F7556}") = "Sales.Api", "Sales.Api\Sales.Api.csproj", "{7340AABE-21A9-483B-9FB3-7F779353D202}"
EndProject
Project("{9A19103F-16F7-4668-BE54-9A1E7A4F7556}") = "Warehouse.Api", "Warehouse.Api\Warehouse.Api.csproj", "{02DE39CF-DFE6-41F2-8712-2B0AC8E893A5}"
EndProject
Project("{9A19103F-16F7-4668-BE54-9A1E7A4F7556}") = "Inventory.Api", "Inventory.Api\Inventory.Api.csproj", "{D91BD6DD-1E7B-4E74-BAD4-2B335353235A}"
EndProject
Global
	GlobalSection(SolutionConfigurationPlatforms) = preSolution
		Debug|Any CPU = Debug|Any CPU
		Debug|x64 = Debug|x64
		Debug|x86 = Debug|x86
		Release|Any CPU = Release|Any CPU
		Release|x64 = Release|x64
		Release|x86 = Release|x86
	EndGlobalSection
	GlobalSection(ProjectConfigurationPlatforms) = postSolution
		{28B61AEE-E6B9-49B0-9F54-C1440335008D}.Debug|Any CPU.ActiveCfg = Debug|Any CPU
		{28B61AEE-E6B9-49B0-9F54-C1440335008D}.Debug|Any CPU.Build.0 = Debug|Any CPU
		{28B61AEE-E6B9-49B0-9F54-C1440335008D}.Debug|x64.ActiveCfg = Debug|Any CPU
		{28B61AEE-E6B9-49B0-9F54-C1440335008D}.Debug|x64.Build.0 = Debug|Any CPU
		{28B61AEE-E6B9-49B0-9F54-C1440335008D}.Debug|x86.ActiveCfg = Debug|Any CPU
		{28B61AEE-E6B9-49B0-9F54-C1440335008D}.Debug|x86.Build.0 = Debug|Any CPU
		{28B61AEE-E6B9-49B0-9F54-C1440335008D}.Release|Any CPU.ActiveCfg = Release|Any CPU
		{28B61AEE-E6B9-49B0-9F54-C1440335008D}.Release|Any CPU.Build.0 = Release|Any CPU
		{28B61AEE-E6B9-49B0-9F54-C1440335008D}.Release|x64.ActiveCfg = Release|Any CPU
		{28B61AEE-E6B9-49B0-9F54-C1440335008D}.Release|x64.Build.0 = Release|Any CPU
		{28B61AEE-E6B9-49B0-9F54-C1440335008D}.Release|x86.ActiveCfg = Release|Any CPU
		{28B61AEE-E6B9-49B0-9F54-C1440335008D}.Release|x86.Build.0 = Release|Any CPU
		{DF4859F8-9199-4F14-8C43-3ADD7A1A684E}.Debug|Any CPU.ActiveCfg = Debug|Any CPU
		{DF4859F8-9199-4F14-8C43-3ADD7A1A684E}.Debug|Any CPU.Build.0 = Debug|Any CPU
		{DF4859F8-9199-4F14-8C43-3ADD7A1A684E}.Debug|x64.ActiveCfg = Debug|Any CPU
		{DF4859F8-9199-4F14-8C43-3ADD7A1A684E}.Debug|x64.Build.0 = Debug|Any CPU
		{DF4859F8-9199-4F14-8C43-3ADD7A1A684E}.Debug|x86.ActiveCfg = Debug|Any CPU
		{DF4859F8-9199-4F14-8C43-3ADD7A1A684E}.Debug|x86.Build.0 = Debug|Any CPU
		{DF4859F8-9199-4F14-8C43-3ADD7A1A684E}.Release|Any CPU.ActiveCfg = Release|Any CPU
		{DF4859F8-9199-4F14-8C43-3ADD7A1A684E}.Release|Any CPU.Build.0 = Release|Any CPU
		{DF4859F8-9199-4F14-8C43-3ADD7A1A684E}.Release|x64.ActiveCfg = Release|Any CPU
		{DF4859F8-9199-4F14-8C43-3ADD7A1A684E}.Release|x64.Build.0 = Release|Any CPU
		{DF4859F8-9199-4F14-8C43-3ADD7A1A684E}.Release|x86.ActiveCfg = Release|Any CPU
		{DF4859F8-9199-4F14-8C43-3ADD7A1A684E}.Release|x86.Build.0 = Release|Any CPU
		{7340AABE-21A9-483B-9FB3-7F779353D202}.Debug|Any CPU.ActiveCfg = Debug|Any CPU
		{7340AABE-21A9-483B-9FB3-7F779353D202}.Debug|Any CPU.Build.0 = Debug|Any CPU
		{7340AABE-21A9-483B-9FB3-7F779353D202}.Debug|x64.ActiveCfg = Debug|Any CPU
		{7340AABE-21A9-483B-9FB3-7F779353D202}.Debug|x64.Build.0 = Debug|Any CPU
		{7340AABE-21A9-483B-9FB3-7F779353D202}.Debug|x86.ActiveCfg = Debug|Any CPU
		{7340AABE-21A9-483B-9FB3-7F779353D202}.Debug|x86.Build.0 = Debug|Any CPU
		{7340AABE-21A9-483B-9FB3-7F779353D202}.Release|Any CPU.ActiveCfg = Release|Any CPU
		{7340AABE-21A9-483B-9FB3-7F779353D202}.Release|Any CPU.Build.0 = Release|Any CPU
		{7340AABE-21A9-483B-9FB3-7F779353D202}.Release|x64.ActiveCfg = Release|Any CPU
		{7340AABE-21A9-483B-9FB3-7F779353D202}.Release|x64.Build.0 = Release|Any CPU
		{7340AABE-21A9-483B-9FB3-7F779353D202}.Release|x86.ActiveCfg = Release|Any CPU
		{7340AABE-21A9-483B-9FB3-7F779353D202}.Release|x86.Build.0 = Release|Any CPU
		{02DE39CF-DFE6-41F2-8712-2B0AC8E893A5}.Debug|Any CPU.ActiveCfg = Debug|Any CPU
		{02DE39CF-DFE6-41F2-8712-2B0AC8E893A5}.Debug|Any CPU.Build.0 = Debug|Any CPU
		{02DE39CF-DFE6-41F2-8712-2B0AC8E893A5}.Debug|x64.ActiveCfg = Debug|Any CPU
		{02DE39CF-DFE6-41F2-8712-2B0AC8E893A5}.Debug|x64.Build.0 = Debug|Any CPU
		{02DE39CF-DFE6-41F2-8712-2B0AC8E893A5}.Debug|x86.ActiveCfg = Debug|Any CPU
		{02DE39CF-DFE6-41F2-8712-2B0AC8E893A5}.Debug|x86.Build.0 = Debug|Any CPU
		{02DE39CF-DFE6-41F2-8712-2B0AC8E893A5}.Release|Any CPU.ActiveCfg = Release|Any CPU
		{02DE39CF-DFE6-41F2-8712-2B0AC8E893A5}.Release|Any CPU.Build.0 = Release|Any CPU
		{02DE39CF-DFE6-41F2-8712-2B0AC8E893A5}.Release|x64.ActiveCfg = Release|Any CPU
		{02DE39CF-DFE6-41F2-8712-2B0AC8E893A5}.Release|x64.Build.0 = Release|Any CPU
		{02DE39CF-DFE6-41F2-8712-2B0AC8E893A5}.Release|x86.ActiveCfg = Release|Any CPU
		{02DE39CF-DFE6-41F2-8712-2B0AC8E893A5}.Release|x86.Build.0 = Release|Any CPU
		{D91BD6DD-1E7B-4E74-BAD4-2B335353235A}.Debug|Any CPU.ActiveCfg = Debug|Any CPU
		{D91BD6DD-1E7B-4E74-BAD4-2B335353235A}.Debug|Any CPU.Build.0 = Debug|Any CPU
		{D91BD6DD-1E7B-4E74-BAD4-2B335353235A}.Debug|x64.ActiveCfg = Debug|Any CPU
		{D91BD6DD-1E7B-4E74-BAD4-2B335353235A}.Debug|x64.Build.0 = Debug|Any CPU
		{D91BD6DD-1E7B-4E74-BAD4-2B335353235A}.Debug|x86.ActiveCfg = Debug|Any CPU
		{D91BD6DD-1E7B-4E74-BAD4-2B335353235A}.Debug|x86.Build.0 = Debug|Any CPU
		{D91BD6DD-1E7B-4E74-BAD4-2B335353235A}.Release|Any CPU.ActiveCfg = Release|Any CPU
		{D91BD6DD-1E7B-4E74-BAD4-2B335353235A}.Release|Any CPU.Build.0 = Release|Any CPU
		{D91BD6DD-1E7B-4E74-BAD4-2B335353235A}.Release|x64.ActiveCfg = Release|Any CPU
		{D91BD6DD-1E7B-4E74-BAD4-2B335353235A}.Release|x64.Build.0 = Release|Any CPU
		{D91BD6DD-1E7B-4E74-BAD4-2B335353235A}.Release|x86.ActiveCfg = Release|Any CPU
		{D91BD6DD-1E7B-4E74-BAD4-2B335353235A}.Release|x86.Build.0 = Release|Any CPU
	EndGlobalSection
	GlobalSection(SolutionProperties) = preSolution
		HideSolutionNode = FALSE
	EndGlobalSection
	GlobalSection(ExtensibilityGlobals) = postSolution
		SolutionGuid = {7AA012C7-E2BD-42FA-BB96-BF1C3241B171}
	EndGlobalSection
EndGlobal
